
Microsoft Visual Studio Solution File, Format Version 12.00
# Visual Studio Version 17
VisualStudioVersion = 17.4.33110.190
MinimumVisualStudioVersion = 10.0.40219.1
Project("{FAE04EC0-301F-11D3-BF4B-00C04F79EFBC}") = "RochesterPagesV1", "RochesterPagesV1\RochesterPagesV1.csproj", "{61EC4D35-6003-4870-B41A-8D0FF2248E1E}"
EndProject
Global
	GlobalSection(SolutionConfigurationPlatforms) = preSolution
		Debug|Any CPU = Debug|Any CPU
		Release|Any CPU = Release|Any CPU
	EndGlobalSection
	GlobalSection(ProjectConfigurationPlatforms) = postSolution
		{61EC4D35-6003-4870-B41A-8D0FF2248E1E}.Debug|Any CPU.ActiveCfg = Debug|Any CPU
		{61EC4D35-6003-4870-B41A-8D0FF2248E1E}.Debug|Any CPU.Build.0 = Debug|Any CPU
		{61EC4D35-6003-4870-B41A-8D0FF2248E1E}.Release|Any CPU.ActiveCfg = Release|Any CPU
		{61EC4D35-6003-4870-B41A-8D0FF2248E1E}.Release|Any CPU.Build.0 = Release|Any CPU
	EndGlobalSection
	GlobalSection(SolutionProperties) = preSolution
		HideSolutionNode = FALSE
	EndGlobalSection
	GlobalSection(ExtensibilityGlobals) = postSolution
		SolutionGuid = {70EEB5DE-3A52-48A5-BD50-1D34A105C2B5}
	EndGlobalSection
EndGlobal
